// !$*UTF8*$!
{
	archiveVersion = 1;
	classes = {
	};
	objectVersion = 42;
	objects = {

/* Begin PBXBuildFile section */
		8D11072A0486CEB800E47090 /* MainMenu.nib in Resources */ = {isa = PBXBuildFile; fileRef = 29B97318FDCFA39411CA2CEA /* MainMenu.nib */; };
		8D11072F0486CEB800E47090 /* Cocoa.framework in Frameworks */ = {isa = PBXBuildFile; fileRef = 1058C7A1FEA54F0111CA2CBB /* Cocoa.framework */; };
		E125C39D0A86B2D000098114 /* App Icon.icns in Resources */ = {isa = PBXBuildFile; fileRef = E125C39C0A86B2D000098114 /* App Icon.icns */; };
		E13539830A6817C700CBDDE5 /* ObjcSwap.c in Sources */ = {isa = PBXBuildFile; fileRef = E13539820A6817C700CBDDE5 /* ObjcSwap.c */; };
		E14769580A60E95B00C03C62 /* PPCProcessor.m in Sources */ = {isa = PBXBuildFile; fileRef = E14769570A60E95B00C03C62 /* PPCProcessor.m */; };
		E14769C10A60F47E00C03C62 /* X86Processor.m in Sources */ = {isa = PBXBuildFile; fileRef = E14769C00A60F47E00C03C62 /* X86Processor.m */; };
		E172D5190A74874100C85E7A /* Info.plist in Resources */ = {isa = PBXBuildFile; fileRef = 8D1107310486CEB800E47090 /* Info.plist */; };
		E182007209AE4CD800584B07 /* AppController.m in Sources */ = {isa = PBXBuildFile; fileRef = E182007009AE4CD800584B07 /* AppController.m */; };
		E18201E709AFAAAC00584B07 /* CDropBox.m in Sources */ = {isa = PBXBuildFile; fileRef = E18201E609AFAAAC00584B07 /* CDropBox.m */; };
		E1978C9E0AC603A40096EE62 /* Help in Resources */ = {isa = PBXBuildFile; fileRef = E1978C6A0AC603A40096EE62 /* Help */; };
		E1A1526C0AA364A600324ED3 /* cp-demangle.c in Sources */ = {isa = PBXBuildFile; fileRef = E1A152640AA364A600324ED3 /* cp-demangle.c */; };
		E1A1526D0AA364A600324ED3 /* cp-demint.c in Sources */ = {isa = PBXBuildFile; fileRef = E1A152660AA364A600324ED3 /* cp-demint.c */; };
		E1A1526E0AA364A600324ED3 /* cplus-dem.c in Sources */ = {isa = PBXBuildFile; fileRef = E1A152670AA364A600324ED3 /* cplus-dem.c */; };
		E1A1526F0AA364A600324ED3 /* safe-ctype.c in Sources */ = {isa = PBXBuildFile; fileRef = E1A152680AA364A600324ED3 /* safe-ctype.c */; };
		E1A152700AA364A600324ED3 /* xexit.c in Sources */ = {isa = PBXBuildFile; fileRef = E1A152690AA364A600324ED3 /* xexit.c */; };
		E1A152710AA364A600324ED3 /* xmalloc.c in Sources */ = {isa = PBXBuildFile; fileRef = E1A1526A0AA364A600324ED3 /* xmalloc.c */; };
		E1A152720AA364A600324ED3 /* xstrdup.c in Sources */ = {isa = PBXBuildFile; fileRef = E1A1526B0AA364A600324ED3 /* xstrdup.c */; };
		E1D77F2E09B296A300176F18 /* ExeProcessor.m in Sources */ = {isa = PBXBuildFile; fileRef = E1D77F2D09B296A300176F18 /* ExeProcessor.m */; };
		E1F81AC50AE1EE02003D8E2C /* SmartCrashReportsInstall.o in Frameworks */ = {isa = PBXBuildFile; fileRef = E1F81AC40AE1EE02003D8E2C /* SmartCrashReportsInstall.o */; };
		E1F81ADD0AE1EEEC003D8E2C /* Carbon.framework in Frameworks */ = {isa = PBXBuildFile; fileRef = E1F81AC80AE1EEEB003D8E2C /* Carbon.framework */; };
		E1F81B090AE1EF07003D8E2C /* CoreFoundation.framework in Frameworks */ = {isa = PBXBuildFile; fileRef = E1F81ADE0AE1EF07003D8E2C /* CoreFoundation.framework */; };
		E1F81B3F0AE1EF2D003D8E2C /* Security.framework in Frameworks */ = {isa = PBXBuildFile; fileRef = E1F81B0A0AE1EF2C003D8E2C /* Security.framework */; };
		E1FA33D80B10081B0060060A /* CDropBox.m in Sources */ = {isa = PBXBuildFile; fileRef = E18201E609AFAAAC00584B07 /* CDropBox.m */; };
		E1FA33D90B10081B0060060A /* ExeProcessor.m in Sources */ = {isa = PBXBuildFile; fileRef = E1D77F2D09B296A300176F18 /* ExeProcessor.m */; };
		E1FA33DA0B10081B0060060A /* PPCProcessor.m in Sources */ = {isa = PBXBuildFile; fileRef = E14769570A60E95B00C03C62 /* PPCProcessor.m */; };
		E1FA33DB0B10081B0060060A /* X86Processor.m in Sources */ = {isa = PBXBuildFile; fileRef = E14769C00A60F47E00C03C62 /* X86Processor.m */; };
		E1FA33DC0B10081B0060060A /* ObjcSwap.c in Sources */ = {isa = PBXBuildFile; fileRef = E13539820A6817C700CBDDE5 /* ObjcSwap.c */; };
		E1FA33DD0B10081B0060060A /* cp-demangle.c in Sources */ = {isa = PBXBuildFile; fileRef = E1A152640AA364A600324ED3 /* cp-demangle.c */; };
		E1FA33DE0B10081B0060060A /* cp-demint.c in Sources */ = {isa = PBXBuildFile; fileRef = E1A152660AA364A600324ED3 /* cp-demint.c */; };
		E1FA33DF0B10081B0060060A /* cplus-dem.c in Sources */ = {isa = PBXBuildFile; fileRef = E1A152670AA364A600324ED3 /* cplus-dem.c */; };
		E1FA33E00B10081B0060060A /* safe-ctype.c in Sources */ = {isa = PBXBuildFile; fileRef = E1A152680AA364A600324ED3 /* safe-ctype.c */; };
		E1FA33E10B10081B0060060A /* xexit.c in Sources */ = {isa = PBXBuildFile; fileRef = E1A152690AA364A600324ED3 /* xexit.c */; };
		E1FA33E20B10081B0060060A /* xmalloc.c in Sources */ = {isa = PBXBuildFile; fileRef = E1A1526A0AA364A600324ED3 /* xmalloc.c */; };
		E1FA33E30B10081B0060060A /* xstrdup.c in Sources */ = {isa = PBXBuildFile; fileRef = E1A1526B0AA364A600324ED3 /* xstrdup.c */; };
		E1FA33E40B1008290060060A /* Carbon.framework in Frameworks */ = {isa = PBXBuildFile; fileRef = E1F81AC80AE1EEEB003D8E2C /* Carbon.framework */; };
		E1FA33E50B1008290060060A /* Cocoa.framework in Frameworks */ = {isa = PBXBuildFile; fileRef = 1058C7A1FEA54F0111CA2CBB /* Cocoa.framework */; };
		E1FA33E60B1008290060060A /* CoreFoundation.framework in Frameworks */ = {isa = PBXBuildFile; fileRef = E1F81ADE0AE1EF07003D8E2C /* CoreFoundation.framework */; };
		E1FA33E70B1008290060060A /* Security.framework in Frameworks */ = {isa = PBXBuildFile; fileRef = E1F81B0A0AE1EF2C003D8E2C /* Security.framework */; };
		E1FA33E80B1008290060060A /* SmartCrashReportsInstall.o in Frameworks */ = {isa = PBXBuildFile; fileRef = E1F81AC40AE1EE02003D8E2C /* SmartCrashReportsInstall.o */; };
		E1FA34030B100D060060060A /* main.m in Sources */ = {isa = PBXBuildFile; fileRef = E1FA34020B100D060060060A /* main.m */; };
		E1FA34500B105E4F0060060A /* CLIController.m in Sources */ = {isa = PBXBuildFile; fileRef = E1FA344F0B105E4E0060060A /* CLIController.m */; };
		E1FA36570B12EE0A0060060A /* main.m in Sources */ = {isa = PBXBuildFile; fileRef = E1FA34020B100D060060060A /* main.m */; };
/* End PBXBuildFile section */

/* Begin PBXBuildStyle section */
		4A9504CCFFE6A4B311CA0CBA /* Debug */ = {
			isa = PBXBuildStyle;
			buildSettings = {
			};
			name = Debug;
		};
		4A9504CDFFE6A4B311CA0CBA /* Release */ = {
			isa = PBXBuildStyle;
			buildSettings = {
			};
			name = Release;
		};
/* End PBXBuildStyle section */

/* Begin PBXFileReference section */
		1058C7A1FEA54F0111CA2CBB /* Cocoa.framework */ = {isa = PBXFileReference; lastKnownFileType = wrapper.framework; name = Cocoa.framework; path = /System/Library/Frameworks/Cocoa.framework; sourceTree = "<absolute>"; };
		13E42FB307B3F0F600E4EEF1 /* CoreData.framework */ = {isa = PBXFileReference; lastKnownFileType = wrapper.framework; name = CoreData.framework; path = /System/Library/Frameworks/CoreData.framework; sourceTree = "<absolute>"; };
		29B97319FDCFA39411CA2CEA /* English */ = {isa = PBXFileReference; lastKnownFileType = wrapper.nib; name = English; path = English.lproj/MainMenu.nib; sourceTree = "<group>"; };
		29B97324FDCFA39411CA2CEA /* AppKit.framework */ = {isa = PBXFileReference; lastKnownFileType = wrapper.framework; name = AppKit.framework; path = /System/Library/Frameworks/AppKit.framework; sourceTree = "<absolute>"; };
		29B97325FDCFA39411CA2CEA /* Foundation.framework */ = {isa = PBXFileReference; lastKnownFileType = wrapper.framework; name = Foundation.framework; path = /System/Library/Frameworks/Foundation.framework; sourceTree = "<absolute>"; };
		32CA4F630368D1EE00C91783 /* otx_Prefix.pch */ = {isa = PBXFileReference; fileEncoding = 4; lastKnownFileType = sourcecode.c.h; path = otx_Prefix.pch; sourceTree = "<group>"; };
		8D1107310486CEB800E47090 /* Info.plist */ = {isa = PBXFileReference; fileEncoding = 4; lastKnownFileType = text.plist; path = Info.plist; sourceTree = "<group>"; };
		8D1107320486CEB800E47090 /* otx.app */ = {isa = PBXFileReference; explicitFileType = wrapper.application; includeInIndex = 0; path = otx.app; sourceTree = BUILT_PRODUCTS_DIR; };
		E10500110AFF022100F7D6CA /* Selectors.h */ = {isa = PBXFileReference; fileEncoding = 4; lastKnownFileType = sourcecode.c.h; name = Selectors.h; path = source/Selectors.h; sourceTree = "<group>"; };
		E1167F1C09C8086900E7398D /* StolenDefs.h */ = {isa = PBXFileReference; fileEncoding = 4; lastKnownFileType = sourcecode.c.h; name = StolenDefs.h; path = source/StolenDefs.h; sourceTree = "<group>"; };
		E125C39C0A86B2D000098114 /* App Icon.icns */ = {isa = PBXFileReference; lastKnownFileType = image.icns; path = "App Icon.icns"; sourceTree = "<group>"; };
		E13539810A68178D00CBDDE5 /* SyscallStrings.h */ = {isa = PBXFileReference; fileEncoding = 30; lastKnownFileType = sourcecode.c.h; name = SyscallStrings.h; path = source/SyscallStrings.h; sourceTree = "<group>"; };
		E13539820A6817C700CBDDE5 /* ObjcSwap.c */ = {isa = PBXFileReference; fileEncoding = 30; lastKnownFileType = sourcecode.c.c; name = ObjcSwap.c; path = source/ObjcSwap.c; sourceTree = "<group>"; };
		E135398C0A68185500CBDDE5 /* PPCProcessor.h */ = {isa = PBXFileReference; fileEncoding = 30; lastKnownFileType = sourcecode.c.h; name = PPCProcessor.h; path = source/PPCProcessor.h; sourceTree = "<group>"; };
		E135398D0A68185500CBDDE5 /* X86Processor.h */ = {isa = PBXFileReference; fileEncoding = 30; lastKnownFileType = sourcecode.c.h; name = X86Processor.h; path = source/X86Processor.h; sourceTree = "<group>"; };
		E135398E0A68185500CBDDE5 /* ExeProcessor.h */ = {isa = PBXFileReference; fileEncoding = 30; lastKnownFileType = sourcecode.c.h; name = ExeProcessor.h; path = source/ExeProcessor.h; sourceTree = "<group>"; };
		E135398F0A68185500CBDDE5 /* CDropBox.h */ = {isa = PBXFileReference; fileEncoding = 30; lastKnownFileType = sourcecode.c.h; name = CDropBox.h; path = source/CDropBox.h; sourceTree = "<group>"; };
		E13539900A68185500CBDDE5 /* AppController.h */ = {isa = PBXFileReference; fileEncoding = 30; lastKnownFileType = sourcecode.c.h; name = AppController.h; path = source/AppController.h; sourceTree = "<group>"; };
		E14769570A60E95B00C03C62 /* PPCProcessor.m */ = {isa = PBXFileReference; fileEncoding = 30; lastKnownFileType = sourcecode.c.objc; name = PPCProcessor.m; path = source/PPCProcessor.m; sourceTree = "<group>"; };
		E14769C00A60F47E00C03C62 /* X86Processor.m */ = {isa = PBXFileReference; fileEncoding = 4; lastKnownFileType = sourcecode.c.objc; name = X86Processor.m; path = source/X86Processor.m; sourceTree = "<group>"; };
		E160C7D609B97223005074DB /* LangDefs.h */ = {isa = PBXFileReference; fileEncoding = 4; lastKnownFileType = sourcecode.c.h; name = LangDefs.h; path = source/LangDefs.h; sourceTree = "<group>"; };
		E16222240A4F80F4007ECB26 /* Optimizations.h */ = {isa = PBXFileReference; fileEncoding = 30; lastKnownFileType = sourcecode.c.h; name = Optimizations.h; path = source/Optimizations.h; sourceTree = "<group>"; };
		E182007009AE4CD800584B07 /* AppController.m */ = {isa = PBXFileReference; fileEncoding = 30; lastKnownFileType = sourcecode.c.objc; name = AppController.m; path = source/AppController.m; sourceTree = "<group>"; wrapsLines = 0; };
		E18201E609AFAAAC00584B07 /* CDropBox.m */ = {isa = PBXFileReference; fileEncoding = 30; lastKnownFileType = sourcecode.c.objc; name = CDropBox.m; path = source/CDropBox.m; sourceTree = "<group>"; };
		E1978C6B0AC603A40096EE62 /* English */ = {isa = PBXFileReference; lastKnownFileType = folder; name = English; path = English.lproj/Help; sourceTree = "<group>"; };
		E1A152600AA3648600324ED3 /* ansidecl.h */ = {isa = PBXFileReference; fileEncoding = 30; lastKnownFileType = sourcecode.c.h; name = ansidecl.h; path = "source/binutils-2.17/include/ansidecl.h"; sourceTree = SOURCE_ROOT; };
		E1A152610AA3648600324ED3 /* demangle.h */ = {isa = PBXFileReference; fileEncoding = 30; lastKnownFileType = sourcecode.c.h; name = demangle.h; path = "source/binutils-2.17/include/demangle.h"; sourceTree = SOURCE_ROOT; };
		E1A152620AA3648600324ED3 /* libiberty.h */ = {isa = PBXFileReference; fileEncoding = 30; lastKnownFileType = sourcecode.c.h; name = libiberty.h; path = "source/binutils-2.17/include/libiberty.h"; sourceTree = SOURCE_ROOT; };
		E1A152630AA3648600324ED3 /* safe-ctype.h */ = {isa = PBXFileReference; fileEncoding = 30; lastKnownFileType = sourcecode.c.h; name = "safe-ctype.h"; path = "source/binutils-2.17/include/safe-ctype.h"; sourceTree = SOURCE_ROOT; };
		E1A152640AA364A600324ED3 /* cp-demangle.c */ = {isa = PBXFileReference; fileEncoding = 30; lastKnownFileType = sourcecode.c.c; name = "cp-demangle.c"; path = "source/binutils-2.17/libiberty/cp-demangle.c"; sourceTree = SOURCE_ROOT; };
		E1A152650AA364A600324ED3 /* cp-demangle.h */ = {isa = PBXFileReference; fileEncoding = 30; lastKnownFileType = sourcecode.c.h; name = "cp-demangle.h"; path = "source/binutils-2.17/libiberty/cp-demangle.h"; sourceTree = SOURCE_ROOT; };
		E1A152660AA364A600324ED3 /* cp-demint.c */ = {isa = PBXFileReference; fileEncoding = 30; lastKnownFileType = sourcecode.c.c; name = "cp-demint.c"; path = "source/binutils-2.17/libiberty/cp-demint.c"; sourceTree = SOURCE_ROOT; };
		E1A152670AA364A600324ED3 /* cplus-dem.c */ = {isa = PBXFileReference; fileEncoding = 30; lastKnownFileType = sourcecode.c.c; name = "cplus-dem.c"; path = "source/binutils-2.17/libiberty/cplus-dem.c"; sourceTree = SOURCE_ROOT; };
		E1A152680AA364A600324ED3 /* safe-ctype.c */ = {isa = PBXFileReference; fileEncoding = 30; lastKnownFileType = sourcecode.c.c; name = "safe-ctype.c"; path = "source/binutils-2.17/libiberty/safe-ctype.c"; sourceTree = SOURCE_ROOT; };
		E1A152690AA364A600324ED3 /* xexit.c */ = {isa = PBXFileReference; fileEncoding = 30; lastKnownFileType = sourcecode.c.c; name = xexit.c; path = "source/binutils-2.17/libiberty/xexit.c"; sourceTree = SOURCE_ROOT; };
		E1A1526A0AA364A600324ED3 /* xmalloc.c */ = {isa = PBXFileReference; fileEncoding = 30; lastKnownFileType = sourcecode.c.c; name = xmalloc.c; path = "source/binutils-2.17/libiberty/xmalloc.c"; sourceTree = SOURCE_ROOT; };
		E1A1526B0AA364A600324ED3 /* xstrdup.c */ = {isa = PBXFileReference; fileEncoding = 30; lastKnownFileType = sourcecode.c.c; name = xstrdup.c; path = "source/binutils-2.17/libiberty/xstrdup.c"; sourceTree = SOURCE_ROOT; };
		E1BB58C80A50CB120076CDCA /* UserDefaultKeys.h */ = {isa = PBXFileReference; fileEncoding = 4; lastKnownFileType = sourcecode.c.h; name = UserDefaultKeys.h; path = source/UserDefaultKeys.h; sourceTree = "<group>"; };
		E1D77F2D09B296A300176F18 /* ExeProcessor.m */ = {isa = PBXFileReference; fileEncoding = 30; lastKnownFileType = sourcecode.c.objc; name = ExeProcessor.m; path = source/ExeProcessor.m; sourceTree = "<group>"; };
		E1F81AC20AE1EDC0003D8E2C /* SmartCrashReportsInstall.h */ = {isa = PBXFileReference; fileEncoding = 30; lastKnownFileType = sourcecode.c.h; name = SmartCrashReportsInstall.h; path = "source/Smart Crash Reports/SmartCrashReportsInstall.h"; sourceTree = "<group>"; };
		E1F81AC40AE1EE02003D8E2C /* SmartCrashReportsInstall.o */ = {isa = PBXFileReference; lastKnownFileType = "compiled.mach-o.objfile"; name = SmartCrashReportsInstall.o; path = "source/Smart Crash Reports/SmartCrashReportsInstall.o"; sourceTree = "<group>"; };
		E1F81AC80AE1EEEB003D8E2C /* Carbon.framework */ = {isa = PBXFileReference; lastKnownFileType = wrapper.framework; name = Carbon.framework; path = /System/Library/Frameworks/Carbon.framework; sourceTree = "<absolute>"; };
		E1F81ADE0AE1EF07003D8E2C /* CoreFoundation.framework */ = {isa = PBXFileReference; lastKnownFileType = wrapper.framework; name = CoreFoundation.framework; path = /System/Library/Frameworks/CoreFoundation.framework; sourceTree = "<absolute>"; };
		E1F81B0A0AE1EF2C003D8E2C /* Security.framework */ = {isa = PBXFileReference; lastKnownFileType = wrapper.framework; name = Security.framework; path = /System/Library/Frameworks/Security.framework; sourceTree = "<absolute>"; };
		E1FA31F00B0D65180060060A /* ProgressReporter.h */ = {isa = PBXFileReference; fileEncoding = 4; lastKnownFileType = sourcecode.c.h; name = ProgressReporter.h; path = source/ProgressReporter.h; sourceTree = "<group>"; };
		E1FA33D10B1005450060060A /* otx */ = {isa = PBXFileReference; explicitFileType = "compiled.mach-o.executable"; includeInIndex = 0; path = otx; sourceTree = BUILT_PRODUCTS_DIR; };
		E1FA34020B100D060060060A /* main.m */ = {isa = PBXFileReference; fileEncoding = 30; lastKnownFileType = sourcecode.c.objc; path = main.m; sourceTree = "<group>"; };
		E1FA344F0B105E4E0060060A /* CLIController.m */ = {isa = PBXFileReference; fileEncoding = 30; lastKnownFileType = sourcecode.c.objc; name = CLIController.m; path = source/CLIController.m; sourceTree = "<group>"; };
		E1FA34510B105E6F0060060A /* CLIController.h */ = {isa = PBXFileReference; fileEncoding = 30; lastKnownFileType = sourcecode.c.h; name = CLIController.h; path = source/CLIController.h; sourceTree = "<group>"; };
		E1FA39380B155AEF0060060A /* ErrorStrings.h */ = {isa = PBXFileReference; fileEncoding = 4; lastKnownFileType = sourcecode.c.h; name = ErrorStrings.h; path = source/ErrorStrings.h; sourceTree = "<group>"; };
/* End PBXFileReference section */

/* Begin PBXFrameworksBuildPhase section */
		8D11072E0486CEB800E47090 /* Frameworks */ = {
			isa = PBXFrameworksBuildPhase;
			buildActionMask = 2147483647;
			files = (
				E1F81ADD0AE1EEEC003D8E2C /* Carbon.framework in Frameworks */,
				8D11072F0486CEB800E47090 /* Cocoa.framework in Frameworks */,
				E1F81B090AE1EF07003D8E2C /* CoreFoundation.framework in Frameworks */,
				E1F81B3F0AE1EF2D003D8E2C /* Security.framework in Frameworks */,
				E1F81AC50AE1EE02003D8E2C /* SmartCrashReportsInstall.o in Frameworks */,
			);
			runOnlyForDeploymentPostprocessing = 0;
		};
		E1FA33CF0B1005450060060A /* Frameworks */ = {
			isa = PBXFrameworksBuildPhase;
			buildActionMask = 2147483647;
			files = (
				E1FA33E40B1008290060060A /* Carbon.framework in Frameworks */,
				E1FA33E50B1008290060060A /* Cocoa.framework in Frameworks */,
				E1FA33E60B1008290060060A /* CoreFoundation.framework in Frameworks */,
				E1FA33E70B1008290060060A /* Security.framework in Frameworks */,
				E1FA33E80B1008290060060A /* SmartCrashReportsInstall.o in Frameworks */,
			);
			runOnlyForDeploymentPostprocessing = 0;
		};
/* End PBXFrameworksBuildPhase section */

/* Begin PBXGroup section */
		080E96DDFE201D6D7F000001 /* Classes */ = {
			isa = PBXGroup;
			children = (
				E13539860A68183800CBDDE5 /* Headers */,
				E182007009AE4CD800584B07 /* AppController.m */,
				E1FA344F0B105E4E0060060A /* CLIController.m */,
				E18201E609AFAAAC00584B07 /* CDropBox.m */,
				E1D77F2D09B296A300176F18 /* ExeProcessor.m */,
				E14769570A60E95B00C03C62 /* PPCProcessor.m */,
				E14769C00A60F47E00C03C62 /* X86Processor.m */,
			);
			name = Classes;
			sourceTree = "<group>";
		};
		1058C7A0FEA54F0111CA2CBB /* Linked Frameworks */ = {
			isa = PBXGroup;
			children = (
				E1F81AC80AE1EEEB003D8E2C /* Carbon.framework */,
				1058C7A1FEA54F0111CA2CBB /* Cocoa.framework */,
				E1F81ADE0AE1EF07003D8E2C /* CoreFoundation.framework */,
				E1F81B0A0AE1EF2C003D8E2C /* Security.framework */,
			);
			name = "Linked Frameworks";
			sourceTree = "<group>";
		};
		1058C7A2FEA54F0111CA2CBB /* Other Frameworks */ = {
			isa = PBXGroup;
			children = (
				29B97324FDCFA39411CA2CEA /* AppKit.framework */,
				13E42FB307B3F0F600E4EEF1 /* CoreData.framework */,
				29B97325FDCFA39411CA2CEA /* Foundation.framework */,
			);
			name = "Other Frameworks";
			sourceTree = "<group>";
		};
		19C28FACFE9D520D11CA2CBB /* Products */ = {
			isa = PBXGroup;
			children = (
				8D1107320486CEB800E47090 /* otx.app */,
				E1FA33D10B1005450060060A /* otx */,
			);
			name = Products;
			sourceTree = "<group>";
		};
		29B97314FDCFA39411CA2CEA /* otx */ = {
			isa = PBXGroup;
			children = (
				E1FA34020B100D060060060A /* main.m */,
				32CA4F630368D1EE00C91783 /* otx_Prefix.pch */,
				080E96DDFE201D6D7F000001 /* Classes */,
				29B97315FDCFA39411CA2CEA /* Other Sources */,
				29B97317FDCFA39411CA2CEA /* Resources */,
				29B97323FDCFA39411CA2CEA /* Frameworks */,
				19C28FACFE9D520D11CA2CBB /* Products */,
			);
			name = otx;
			sourceTree = "<group>";
		};
		29B97315FDCFA39411CA2CEA /* Other Sources */ = {
			isa = PBXGroup;
			children = (
				E1FA39380B155AEF0060060A /* ErrorStrings.h */,
				E160C7D609B97223005074DB /* LangDefs.h */,
				E13539820A6817C700CBDDE5 /* ObjcSwap.c */,
				E16222240A4F80F4007ECB26 /* Optimizations.h */,
				E10500110AFF022100F7D6CA /* Selectors.h */,
				E1167F1C09C8086900E7398D /* StolenDefs.h */,
				E13539810A68178D00CBDDE5 /* SyscallStrings.h */,
				E1BB58C80A50CB120076CDCA /* UserDefaultKeys.h */,
				E1F81ABB0AE1ED62003D8E2C /* Smart Crash Reports */,
				E1A152490AA3639100324ED3 /* binutils */,
			);
			name = "Other Sources";
			sourceTree = "<group>";
		};
		29B97317FDCFA39411CA2CEA /* Resources */ = {
			isa = PBXGroup;
			children = (
				E125C39C0A86B2D000098114 /* App Icon.icns */,
				8D1107310486CEB800E47090 /* Info.plist */,
				29B97318FDCFA39411CA2CEA /* MainMenu.nib */,
				E1978C6A0AC603A40096EE62 /* Help */,
			);
			name = Resources;
			sourceTree = "<group>";
		};
		29B97323FDCFA39411CA2CEA /* Frameworks */ = {
			isa = PBXGroup;
			children = (
				1058C7A0FEA54F0111CA2CBB /* Linked Frameworks */,
				1058C7A2FEA54F0111CA2CBB /* Other Frameworks */,
			);
			name = Frameworks;
			sourceTree = "<group>";
		};
		E13539860A68183800CBDDE5 /* Headers */ = {
			isa = PBXGroup;
			children = (
				E13539900A68185500CBDDE5 /* AppController.h */,
				E1FA34510B105E6F0060060A /* CLIController.h */,
				E135398F0A68185500CBDDE5 /* CDropBox.h */,
				E135398E0A68185500CBDDE5 /* ExeProcessor.h */,
				E135398C0A68185500CBDDE5 /* PPCProcessor.h */,
				E135398D0A68185500CBDDE5 /* X86Processor.h */,
				E1FA31F00B0D65180060060A /* ProgressReporter.h */,
			);
			name = Headers;
			sourceTree = "<group>";
		};
		E1A152490AA3639100324ED3 /* binutils */ = {
			isa = PBXGroup;
			children = (
				E1A1524A0AA363DF00324ED3 /* include */,
				E1A1524B0AA363E800324ED3 /* libiberty */,
			);
			name = binutils;
			sourceTree = "<group>";
		};
		E1A1524A0AA363DF00324ED3 /* include */ = {
			isa = PBXGroup;
			children = (
				E1A152600AA3648600324ED3 /* ansidecl.h */,
				E1A152610AA3648600324ED3 /* demangle.h */,
				E1A152620AA3648600324ED3 /* libiberty.h */,
				E1A152630AA3648600324ED3 /* safe-ctype.h */,
			);
			name = include;
			sourceTree = "<group>";
		};
		E1A1524B0AA363E800324ED3 /* libiberty */ = {
			isa = PBXGroup;
			children = (
				E1A152640AA364A600324ED3 /* cp-demangle.c */,
				E1A152650AA364A600324ED3 /* cp-demangle.h */,
				E1A152660AA364A600324ED3 /* cp-demint.c */,
				E1A152670AA364A600324ED3 /* cplus-dem.c */,
				E1A152680AA364A600324ED3 /* safe-ctype.c */,
				E1A152690AA364A600324ED3 /* xexit.c */,
				E1A1526A0AA364A600324ED3 /* xmalloc.c */,
				E1A1526B0AA364A600324ED3 /* xstrdup.c */,
			);
			name = libiberty;
			sourceTree = "<group>";
		};
		E1F81ABB0AE1ED62003D8E2C /* Smart Crash Reports */ = {
			isa = PBXGroup;
			children = (
				E1F81AC20AE1EDC0003D8E2C /* SmartCrashReportsInstall.h */,
				E1F81AC40AE1EE02003D8E2C /* SmartCrashReportsInstall.o */,
			);
			name = "Smart Crash Reports";
			sourceTree = "<group>";
		};
/* End PBXGroup section */

/* Begin PBXNativeTarget section */
		8D1107260486CEB800E47090 /* otx gui */ = {
			isa = PBXNativeTarget;
			buildConfigurationList = C01FCF4A08A954540054247B /* Build configuration list for PBXNativeTarget "otx gui" */;
			buildPhases = (
				8D1107290486CEB800E47090 /* Resources */,
				8D11072C0486CEB800E47090 /* Sources */,
				8D11072E0486CEB800E47090 /* Frameworks */,
			);
			buildRules = (
			);
			buildSettings = {
			};
			dependencies = (
			);
			name = "otx gui";
			productInstallPath = "$(HOME)/Applications";
			productName = otx;
			productReference = 8D1107320486CEB800E47090 /* otx.app */;
			productType = "com.apple.product-type.application";
		};
		E1FA33D00B1005450060060A /* otx cli */ = {
			isa = PBXNativeTarget;
			buildConfigurationList = E1FA33D30B1005670060060A /* Build configuration list for PBXNativeTarget "otx cli" */;
			buildPhases = (
				E1FA33CE0B1005450060060A /* Sources */,
				E1FA33CF0B1005450060060A /* Frameworks */,
			);
			buildRules = (
			);
			buildSettings = {
				GCC_ENABLE_FIX_AND_CONTINUE = YES;
				GCC_MODEL_TUNING = G5;
				GCC_PRECOMPILE_PREFIX_HEADER = YES;
				GCC_PREFIX_HEADER = "$(SYSTEM_LIBRARY_DIR)/Frameworks/AppKit.framework/Headers/AppKit.h";
				INSTALL_PATH = "$(HOME)/bin";
				OTHER_LDFLAGS = (
					"-framework",
					Foundation,
					"-framework",
					AppKit,
				);
				PREBINDING = NO;
				PRODUCT_NAME = "otx cli";
				ZERO_LINK = YES;
			};
			dependencies = (
			);
			name = "otx cli";
			productName = "otx cli";
			productReference = E1FA33D10B1005450060060A /* otx */;
			productType = "com.apple.product-type.tool";
		};
/* End PBXNativeTarget section */

/* Begin PBXProject section */
		29B97313FDCFA39411CA2CEA /* Project object */ = {
			isa = PBXProject;
			buildConfigurationList = C01FCF4E08A954540054247B /* Build configuration list for PBXProject "otx" */;
			buildSettings = {
			};
			buildStyles = (
				4A9504CCFFE6A4B311CA0CBA /* Debug */,
				4A9504CDFFE6A4B311CA0CBA /* Release */,
			);
			hasScannedForEncodings = 1;
			mainGroup = 29B97314FDCFA39411CA2CEA /* otx */;
			projectDirPath = "";
			targets = (
				8D1107260486CEB800E47090 /* otx gui */,
				E1FA33D00B1005450060060A /* otx cli */,
			);
		};
/* End PBXProject section */

/* Begin PBXResourcesBuildPhase section */
		8D1107290486CEB800E47090 /* Resources */ = {
			isa = PBXResourcesBuildPhase;
			buildActionMask = 2147483647;
			files = (
				8D11072A0486CEB800E47090 /* MainMenu.nib in Resources */,
				E172D5190A74874100C85E7A /* Info.plist in Resources */,
				E125C39D0A86B2D000098114 /* App Icon.icns in Resources */,
				E1978C9E0AC603A40096EE62 /* Help in Resources */,
			);
			runOnlyForDeploymentPostprocessing = 0;
		};
/* End PBXResourcesBuildPhase section */

/* Begin PBXSourcesBuildPhase section */
		8D11072C0486CEB800E47090 /* Sources */ = {
			isa = PBXSourcesBuildPhase;
			buildActionMask = 2147483647;
			files = (
				E182007209AE4CD800584B07 /* AppController.m in Sources */,
				E18201E709AFAAAC00584B07 /* CDropBox.m in Sources */,
				E1D77F2E09B296A300176F18 /* ExeProcessor.m in Sources */,
				E14769580A60E95B00C03C62 /* PPCProcessor.m in Sources */,
				E14769C10A60F47E00C03C62 /* X86Processor.m in Sources */,
				E13539830A6817C700CBDDE5 /* ObjcSwap.c in Sources */,
				E1A1526C0AA364A600324ED3 /* cp-demangle.c in Sources */,
				E1A1526D0AA364A600324ED3 /* cp-demint.c in Sources */,
				E1A1526E0AA364A600324ED3 /* cplus-dem.c in Sources */,
				E1A1526F0AA364A600324ED3 /* safe-ctype.c in Sources */,
				E1A152700AA364A600324ED3 /* xexit.c in Sources */,
				E1A152710AA364A600324ED3 /* xmalloc.c in Sources */,
				E1A152720AA364A600324ED3 /* xstrdup.c in Sources */,
				E1FA34030B100D060060060A /* main.m in Sources */,
			);
			runOnlyForDeploymentPostprocessing = 0;
		};
		E1FA33CE0B1005450060060A /* Sources */ = {
			isa = PBXSourcesBuildPhase;
			buildActionMask = 2147483647;
			files = (
				E1FA33D80B10081B0060060A /* CDropBox.m in Sources */,
				E1FA33D90B10081B0060060A /* ExeProcessor.m in Sources */,
				E1FA33DA0B10081B0060060A /* PPCProcessor.m in Sources */,
				E1FA33DB0B10081B0060060A /* X86Processor.m in Sources */,
				E1FA33DC0B10081B0060060A /* ObjcSwap.c in Sources */,
				E1FA33DD0B10081B0060060A /* cp-demangle.c in Sources */,
				E1FA33DE0B10081B0060060A /* cp-demint.c in Sources */,
				E1FA33DF0B10081B0060060A /* cplus-dem.c in Sources */,
				E1FA33E00B10081B0060060A /* safe-ctype.c in Sources */,
				E1FA33E10B10081B0060060A /* xexit.c in Sources */,
				E1FA33E20B10081B0060060A /* xmalloc.c in Sources */,
				E1FA33E30B10081B0060060A /* xstrdup.c in Sources */,
				E1FA34500B105E4F0060060A /* CLIController.m in Sources */,
				E1FA36570B12EE0A0060060A /* main.m in Sources */,
			);
			runOnlyForDeploymentPostprocessing = 0;
		};
/* End PBXSourcesBuildPhase section */

/* Begin PBXVariantGroup section */
		29B97318FDCFA39411CA2CEA /* MainMenu.nib */ = {
			isa = PBXVariantGroup;
			children = (
				29B97319FDCFA39411CA2CEA /* English */,
			);
			name = MainMenu.nib;
			sourceTree = "<group>";
		};
		E1978C6A0AC603A40096EE62 /* Help */ = {
			isa = PBXVariantGroup;
			children = (
				E1978C6B0AC603A40096EE62 /* English */,
			);
			name = Help;
			sourceTree = "<group>";
		};
/* End PBXVariantGroup section */

/* Begin XCBuildConfiguration section */
		C01FCF4B08A954540054247B /* Debug */ = {
			isa = XCBuildConfiguration;
			buildSettings = {
				COPY_PHASE_STRIP = NO;
				GCC_DYNAMIC_NO_PIC = NO;
				GCC_ENABLE_FIX_AND_CONTINUE = YES;
				GCC_MODEL_TUNING = G5;
				GCC_OPTIMIZATION_LEVEL = 0;
				GCC_PREFIX_HEADER = otx_Prefix.pch;
				INFOPLIST_FILE = Info.plist;
				INSTALL_PATH = "$(HOME)/Applications";
				PRODUCT_NAME = otx;
				WRAPPER_EXTENSION = app;
				ZERO_LINK = YES;
			};
			name = Debug;
		};
		C01FCF4C08A954540054247B /* Release */ = {
			isa = XCBuildConfiguration;
			buildSettings = {
				ARCHS = (
					ppc,
					i386,
				);
				GCC_GENERATE_DEBUGGING_SYMBOLS = NO;
				GCC_MODEL_TUNING = G5;
				GCC_PRECOMPILE_PREFIX_HEADER = YES;
				GCC_PREFIX_HEADER = otx_Prefix.pch;
				INFOPLIST_FILE = Info.plist;
				INSTALL_PATH = "$(HOME)/Applications";
				PRODUCT_NAME = otx;
				WRAPPER_EXTENSION = app;
			};
			name = Release;
		};
		C01FCF4F08A954540054247B /* Debug */ = {
			isa = XCBuildConfiguration;
			buildSettings = {
				ALWAYS_SEARCH_USER_PATHS = YES;
				ARCHS = ppc;
				GCC_CW_ASM_SYNTAX = NO;
				GCC_DYNAMIC_NO_PIC = YES;
				GCC_ENABLE_OBJC_EXCEPTIONS = YES;
				GCC_FAST_OBJC_DISPATCH = YES;
				GCC_MODEL_TUNING = G5;
				GCC_OPTIMIZATION_LEVEL = 3;
				GCC_PREFIX_HEADER = otx_Prefix.pch;
				GCC_WARN_ABOUT_RETURN_TYPE = YES;
				GCC_WARN_UNUSED_FUNCTION = NO;
				GCC_WARN_UNUSED_LABEL = YES;
				GCC_WARN_UNUSED_PARAMETER = NO;
				GCC_WARN_UNUSED_VARIABLE = YES;
				MACOSX_DEPLOYMENT_TARGET = 10.4;
				OTHER_CFLAGS = "-falign-loops=16";
				OTHER_LDFLAGS = "-lz";
				PREBINDING = NO;
				SDKROOT = /Developer/SDKs/MacOSX10.4u.sdk;
				USER_HEADER_SEARCH_PATHS = "source/binutils-2.17/include/ source/binutils-2.17/libiberty/";
			};
			name = Debug;
		};
		C01FCF5008A954540054247B /* Release */ = {
			isa = XCBuildConfiguration;
			buildSettings = {
				ALWAYS_SEARCH_USER_PATHS = YES;
				ARCHS = (
					ppc,
					i386,
				);
				GCC_CW_ASM_SYNTAX = NO;
				GCC_DYNAMIC_NO_PIC = YES;
				GCC_ENABLE_OBJC_EXCEPTIONS = YES;
				GCC_FAST_OBJC_DISPATCH = YES;
				GCC_MODEL_TUNING = G5;
				GCC_OPTIMIZATION_LEVEL = 3;
				GCC_PREFIX_HEADER = otx_Prefix.pch;
				GCC_WARN_ABOUT_RETURN_TYPE = YES;
				GCC_WARN_UNUSED_FUNCTION = NO;
				GCC_WARN_UNUSED_LABEL = YES;
				GCC_WARN_UNUSED_PARAMETER = NO;
				GCC_WARN_UNUSED_VARIABLE = YES;
				MACOSX_DEPLOYMENT_TARGET = 10.4;
				OTHER_CFLAGS = "-falign-loops=16";
				OTHER_LDFLAGS = "-lz";
				PREBINDING = NO;
				SDKROOT = /Developer/SDKs/MacOSX10.4u.sdk;
				USER_HEADER_SEARCH_PATHS = "source/binutils-2.17/include/ source/binutils-2.17/libiberty/";
			};
			name = Release;
		};
		E1FA33D40B1005670060060A /* Debug */ = {
			isa = XCBuildConfiguration;
			buildSettings = {
				COPY_PHASE_STRIP = NO;
				GCC_DYNAMIC_NO_PIC = YES;
				GCC_ENABLE_FIX_AND_CONTINUE = NO;
				GCC_GENERATE_DEBUGGING_SYMBOLS = YES;
				GCC_MODEL_TUNING = G5;
				GCC_OPTIMIZATION_LEVEL = 0;
				GCC_PRECOMPILE_PREFIX_HEADER = YES;
				GCC_PREFIX_HEADER = otx_Prefix.pch;
				INSTALL_PATH = "$(HOME)/bin";
				OTHER_CFLAGS = (
					"-falign-loops=16",
					"-DOTX_CLI",
				);
				OTHER_LDFLAGS = (
					"-framework",
					Foundation,
					"-framework",
					AppKit,
					"-lz",
				);
				PREBINDING = NO;
				PRODUCT_NAME = otx;
				ZERO_LINK = NO;
			};
			name = Debug;
		};
		E1FA33D50B1005670060060A /* Release */ = {
			isa = XCBuildConfiguration;
			buildSettings = {
				COPY_PHASE_STRIP = YES;
				GCC_DYNAMIC_NO_PIC = YES;
				GCC_ENABLE_FIX_AND_CONTINUE = NO;
				GCC_GENERATE_DEBUGGING_SYMBOLS = NO;
				GCC_MODEL_TUNING = G5;
				GCC_PRECOMPILE_PREFIX_HEADER = YES;
				GCC_PREFIX_HEADER = otx_Prefix.pch;
				INSTALL_PATH = "$(HOME)/bin";
				OTHER_CFLAGS = (
					"-falign-loops=16",
					"-DOTX_CLI",
				);
				OTHER_LDFLAGS = (
					"-framework",
					Foundation,
					"-framework",
					AppKit,
					"-lz",
				);
				PREBINDING = NO;
				PRODUCT_NAME = otx;
				ZERO_LINK = NO;
			};
			name = Release;
		};
/* End XCBuildConfiguration section */

/* Begin XCConfigurationList section */
		C01FCF4A08A954540054247B /* Build configuration list for PBXNativeTarget "otx gui" */ = {
			isa = XCConfigurationList;
			buildConfigurations = (
				C01FCF4B08A954540054247B /* Debug */,
				C01FCF4C08A954540054247B /* Release */,
			);
			defaultConfigurationIsVisible = 0;
			defaultConfigurationName = Release;
		};
		C01FCF4E08A954540054247B /* Build configuration list for PBXProject "otx" */ = {
			isa = XCConfigurationList;
			buildConfigurations = (
				C01FCF4F08A954540054247B /* Debug */,
				C01FCF5008A954540054247B /* Release */,
			);
			defaultConfigurationIsVisible = 0;
			defaultConfigurationName = Release;
		};
		E1FA33D30B1005670060060A /* Build configuration list for PBXNativeTarget "otx cli" */ = {
			isa = XCConfigurationList;
			buildConfigurations = (
				E1FA33D40B1005670060060A /* Debug */,
				E1FA33D50B1005670060060A /* Release */,
			);
			defaultConfigurationIsVisible = 0;
			defaultConfigurationName = Release;
		};
/* End XCConfigurationList section */
	};
	rootObject = 29B97313FDCFA39411CA2CEA /* Project object */;
}
